
Microsoft Visual Studio Solution File, Format Version 12.00
# Visual Studio Version 17
VisualStudioVersion = 17.7.34018.315
MinimumVisualStudioVersion = 10.0.40219.1
Project("{FAE04EC0-301F-11D3-BF4B-00C04F79EFBC}") = "C Uppgift 5.7", "C Uppgift 5.7\C Uppgift 5.7.csproj", "{4370E1A7-CB7D-4699-904E-BEAA8F55976D}"
EndProject
Global
	GlobalSection(SolutionConfigurationPlatforms) = preSolution
		Debug|Any CPU = Debug|Any CPU
		Release|Any CPU = Release|Any CPU
	EndGlobalSection
	GlobalSection(ProjectConfigurationPlatforms) = postSolution
		{4370E1A7-CB7D-4699-904E-BEAA8F55976D}.Debug|Any CPU.ActiveCfg = Debug|Any CPU
		{4370E1A7-CB7D-4699-904E-BEAA8F55976D}.Debug|Any CPU.Build.0 = Debug|Any CPU
		{4370E1A7-CB7D-4699-904E-BEAA8F55976D}.Release|Any CPU.ActiveCfg = Release|Any CPU
		{4370E1A7-CB7D-4699-904E-BEAA8F55976D}.Release|Any CPU.Build.0 = Release|Any CPU
	EndGlobalSection
	GlobalSection(SolutionProperties) = preSolution
		HideSolutionNode = FALSE
	EndGlobalSection
	GlobalSection(ExtensibilityGlobals) = postSolution
		SolutionGuid = {4C06B769-C9B7-4E8B-8277-F07BE03ED401}
	EndGlobalSection
EndGlobal
